lockfileVersion: '9.0'

settings:
  autoInstallPeers: true
  excludeLinksFromLockfile: false

importers:

  .:
    dependencies:
      '@zoowork-ai/sdk':
        specifier: ^0.4.0
        version: 0.4.0

packages:

  '@zoowork-ai/sdk@0.4.0':
    resolution: {integrity: sha512-c170pRosV1UIXRRIlRrAorDRjo7haIriBgpGBCeVWrDa8LyKnX1vA1ZJhdFkGkTB3vDLMlbJ2cfi78g4HX99OQ==}
    engines: {node: '>=20'}

snapshots:

  '@zoowork-ai/sdk@0.4.0': {}
